
Microsoft Visual Studio Solution File, Format Version 12.00
# Visual Studio 14
VisualStudioVersion = 14.0.23107.0
MinimumVisualStudioVersion = 10.0.40219.1
Project("{FAE04EC0-301F-11D3-BF4B-00C04F79EFBC}") = "GagyiBankMVC", "GagyiBankMVC\GagyiBankMVC.csproj", "{494DD0B7-6FB5-406C-B1BD-3009D6848157}"
EndProject
Project("{FAE04EC0-301F-11D3-BF4B-00C04F79EFBC}") = "GagyiBankMVC.Tests", "GagyiBankMVC.Tests\GagyiBankMVC.Tests.csproj", "{E9D90910-F874-436A-A630-258462F96E0B}"
EndProject
Global
	GlobalSection(SolutionConfigurationPlatforms) = preSolution
		Debug|Any CPU = Debug|Any CPU
		Release|Any CPU = Release|Any CPU
	EndGlobalSection
	GlobalSection(ProjectConfigurationPlatforms) = postSolution
		{494DD0B7-6FB5-406C-B1BD-3009D6848157}.Debug|Any CPU.ActiveCfg = Debug|Any CPU
		{494DD0B7-6FB5-406C-B1BD-3009D6848157}.Debug|Any CPU.Build.0 = Debug|Any CPU
		{494DD0B7-6FB5-406C-B1BD-3009D6848157}.Release|Any CPU.ActiveCfg = Release|Any CPU
		{494DD0B7-6FB5-406C-B1BD-3009D6848157}.Release|Any CPU.Build.0 = Release|Any CPU
		{E9D90910-F874-436A-A630-258462F96E0B}.Debug|Any CPU.ActiveCfg = Debug|Any CPU
		{E9D90910-F874-436A-A630-258462F96E0B}.Debug|Any CPU.Build.0 = Debug|Any CPU
		{E9D90910-F874-436A-A630-258462F96E0B}.Release|Any CPU.ActiveCfg = Release|Any CPU
		{E9D90910-F874-436A-A630-258462F96E0B}.Release|Any CPU.Build.0 = Release|Any CPU
	EndGlobalSection
	GlobalSection(SolutionProperties) = preSolution
		HideSolutionNode = FALSE
	EndGlobalSection
EndGlobal
